// !$*UTF8*$!
{
	archiveVersion = 1;
	classes = {
	};
	objectVersion = 56;
	objects = {

/* Begin PBXBuildFile section */
		FF654E702CFD18D9000E111E /* InternshipInfoView.swift in Sources */ = {isa = PBXBuildFile; fileRef = FF654E6F2CFD18D9000E111E /* InternshipInfoView.swift */; };
		FF654E722CFD18F9000E111E /* ProjectInfoView.swift in Sources */ = {isa = PBXBuildFile; fileRef = FF654E712CFD18F9000E111E /* ProjectInfoView.swift */; };
		FF654E742CFD2A16000E111E /* InteractiveButton.swift in Sources */ = {isa = PBXBuildFile; fileRef = FF654E732CFD2A16000E111E /* InteractiveButton.swift */; };
		FF795CE82CFBC47F008E2C5B /* ProjectFieldView.swift in Sources */ = {isa = PBXBuildFile; fileRef = FF795CE72CFBC47F008E2C5B /* ProjectFieldView.swift */; };
		FF795CEA2CFBCD28008E2C5B /* TextField.swift in Sources */ = {isa = PBXBuildFile; fileRef = FF795CE92CFBCD28008E2C5B /* TextField.swift */; };
		FF795CEE2CFBF55A008E2C5B /* AlertManager.swift in Sources */ = {isa = PBXBuildFile; fileRef = FF795CED2CFBF55A008E2C5B /* AlertManager.swift */; };
		FF795CF02CFBF92F008E2C5B /* SelectPhotoView.swift in Sources */ = {isa = PBXBuildFile; fileRef = FF795CEF2CFBF92F008E2C5B /* SelectPhotoView.swift */; };
		FF795CF22CFC0A94008E2C5B /* LocationAccessVC.swift in Sources */ = {isa = PBXBuildFile; fileRef = FF795CF12CFC0A94008E2C5B /* LocationAccessVC.swift */; };
		FF795CF42CFC117E008E2C5B /* TabController.swift in Sources */ = {isa = PBXBuildFile; fileRef = FF795CF32CFC117E008E2C5B /* TabController.swift */; };
		FF795CF72CFC1A6D008E2C5B /* ProfileInfoView.swift in Sources */ = {isa = PBXBuildFile; fileRef = FF795CF62CFC1A6D008E2C5B /* ProfileInfoView.swift */; };
		FF795CF92CFC1FAA008E2C5B /* CompleteCardView.swift in Sources */ = {isa = PBXBuildFile; fileRef = FF795CF82CFC1FAA008E2C5B /* CompleteCardView.swift */; };
		FF795CFB2CFC2A61008E2C5B /* SimpleIconTextView.swift in Sources */ = {isa = PBXBuildFile; fileRef = FF795CFA2CFC2A61008E2C5B /* SimpleIconTextView.swift */; };
		FFA857702CFB8F9D00ED5C9D /* StatsView.swift in Sources */ = {isa = PBXBuildFile; fileRef = FFA8576F2CFB8F9D00ED5C9D /* StatsView.swift */; };
		FFA857722CFB903E00ED5C9D /* TextIconBtnView.swift in Sources */ = {isa = PBXBuildFile; fileRef = FFA857712CFB903E00ED5C9D /* TextIconBtnView.swift */; };
		FFA857742CFB9F3500ED5C9D /* PickerView.swift in Sources */ = {isa = PBXBuildFile; fileRef = FFA857732CFB9F3500ED5C9D /* PickerView.swift */; };
		FFA857772CFBA71B00ED5C9D /* InternshipFieldView.swift in Sources */ = {isa = PBXBuildFile; fileRef = FFA857762CFBA71B00ED5C9D /* InternshipFieldView.swift */; };
		FFBF3B9D2CFAC65C008FD882 /* SetupAccountVC.swift in Sources */ = {isa = PBXBuildFile; fileRef = FFBF3B9C2CFAC65C008FD882 /* SetupAccountVC.swift */; };
		FFBF3BA12CFACC9C008FD882 /* Utils.swift in Sources */ = {isa = PBXBuildFile; fileRef = FFBF3BA02CFACC9C008FD882 /* Utils.swift */; };
		FFBF3BA32CFAD2D7008FD882 /* WebViewerController.swift in Sources */ = {isa = PBXBuildFile; fileRef = FFBF3BA22CFAD2D7008FD882 /* WebViewerController.swift */; };
		FFD04E8D2CFEBC4200E199A1 /* AccountSetupData.swift in Sources */ = {isa = PBXBuildFile; fileRef = FFD04E862CFEBC4200E199A1 /* AccountSetupData.swift */; };
		FFD04E8E2CFEBC4200E199A1 /* Degree.swift in Sources */ = {isa = PBXBuildFile; fileRef = FFD04E872CFEBC4200E199A1 /* Degree.swift */; };
		FFD04E8F2CFEBC4200E199A1 /* IconTextOption.swift in Sources */ = {isa = PBXBuildFile; fileRef = FFD04E882CFEBC4200E199A1 /* IconTextOption.swift */; };
		FFD04E902CFEBC4200E199A1 /* Universities.swift in Sources */ = {isa = PBXBuildFile; fileRef = FFD04E892CFEBC4200E199A1 /* Universities.swift */; };
		FFD04E912CFEBC4200E199A1 /* UserCardData.swift in Sources */ = {isa = PBXBuildFile; fileRef = FFD04E8A2CFEBC4200E199A1 /* UserCardData.swift */; };
		FFD04E922CFEBC4200E199A1 /* Year.swift in Sources */ = {isa = PBXBuildFile; fileRef = FFD04E8B2CFEBC4200E199A1 /* Year.swift */; };
		FFD04E972CFEBCB800E199A1 /* InternshipData.swift in Sources */ = {isa = PBXBuildFile; fileRef = FFD04E932CFEBCB800E199A1 /* InternshipData.swift */; };
		FFD04E982CFEBCB800E199A1 /* OptionsData.swift in Sources */ = {isa = PBXBuildFile; fileRef = FFD04E942CFEBCB800E199A1 /* OptionsData.swift */; };
		FFD04E992CFEBCB800E199A1 /* TestingData.swift in Sources */ = {isa = PBXBuildFile; fileRef = FFD04E952CFEBCB800E199A1 /* TestingData.swift */; };
		FFF8DE0A2CFA5A5100E5D2A7 /* AppDelegate.swift in Sources */ = {isa = PBXBuildFile; fileRef = FFF8DE092CFA5A5100E5D2A7 /* AppDelegate.swift */; };
		FFF8DE0C2CFA5A5100E5D2A7 /* SceneDelegate.swift in Sources */ = {isa = PBXBuildFile; fileRef = FFF8DE0B2CFA5A5100E5D2A7 /* SceneDelegate.swift */; };
		FFF8DE0E2CFA5A5100E5D2A7 /* SwipeScreenVC.swift in Sources */ = {isa = PBXBuildFile; fileRef = FFF8DE0D2CFA5A5100E5D2A7 /* SwipeScreenVC.swift */; };
		FFF8DE132CFA5A5200E5D2A7 /* Assets.xcassets in Resources */ = {isa = PBXBuildFile; fileRef = FFF8DE122CFA5A5200E5D2A7 /* Assets.xcassets */; };
		FFF8DE162CFA5A5200E5D2A7 /* Base in Resources */ = {isa = PBXBuildFile; fileRef = FFF8DE152CFA5A5200E5D2A7 /* Base */; };
		FFF8DE222CFA5D6800E5D2A7 /* SignInVC.swift in Sources */ = {isa = PBXBuildFile; fileRef = FFF8DE212CFA5D6800E5D2A7 /* SignInVC.swift */; };
		FFF8DE272CFA5EDB00E5D2A7 /* MultiChoiceView.swift in Sources */ = {isa = PBXBuildFile; fileRef = FFF8DE262CFA5EDB00E5D2A7 /* MultiChoiceView.swift */; };
		FFF8DE352CFA61F400E5D2A7 /* Extensions.swift in Sources */ = {isa = PBXBuildFile; fileRef = FFF8DE342CFA61F400E5D2A7 /* Extensions.swift */; };
		FFF8DE372CFA667700E5D2A7 /* IconTextView.swift in Sources */ = {isa = PBXBuildFile; fileRef = FFF8DE362CFA667700E5D2A7 /* IconTextView.swift */; };
		FFF8DE3E2CFA860B00E5D2A7 /* Garet-Heavy.ttf in Resources */ = {isa = PBXBuildFile; fileRef = FFF8DE3C2CFA85F700E5D2A7 /* Garet-Heavy.ttf */; };
		FFF8DE3F2CFA860B00E5D2A7 /* Garet-Bold.ttf in Resources */ = {isa = PBXBuildFile; fileRef = FFF8DE3B2CFA85F700E5D2A7 /* Garet-Bold.ttf */; };
		FFF8DE402CFA860B00E5D2A7 /* Garet-Book.ttf in Resources */ = {isa = PBXBuildFile; fileRef = FFF8DE3D2CFA85F700E5D2A7 /* Garet-Book.ttf */; };
		FFF8DE462CFA886900E5D2A7 /* GaretW05-Regular.ttf in Resources */ = {isa = PBXBuildFile; fileRef = FFF8DE452CFA886900E5D2A7 /* GaretW05-Regular.ttf */; };
/* End PBXBuildFile section */

/* Begin PBXFileReference section */
		FF654E6F2CFD18D9000E111E /* InternshipInfoView.swift */ = {isa = PBXFileReference; lastKnownFileType = sourcecode.swift; path = InternshipInfoView.swift; sourceTree = "<group>"; };
		FF654E712CFD18F9000E111E /* ProjectInfoView.swift */ = {isa = PBXFileReference; lastKnownFileType = sourcecode.swift; path = ProjectInfoView.swift; sourceTree = "<group>"; };
		FF654E732CFD2A16000E111E /* InteractiveButton.swift */ = {isa = PBXFileReference; lastKnownFileType = sourcecode.swift; path = InteractiveButton.swift; sourceTree = "<group>"; };
		FF795CE72CFBC47F008E2C5B /* ProjectFieldView.swift */ = {isa = PBXFileReference; lastKnownFileType = sourcecode.swift; path = ProjectFieldView.swift; sourceTree = "<group>"; };
		FF795CE92CFBCD28008E2C5B /* TextField.swift */ = {isa = PBXFileReference; lastKnownFileType = sourcecode.swift; path = TextField.swift; sourceTree = "<group>"; };
		FF795CED2CFBF55A008E2C5B /* AlertManager.swift */ = {isa = PBXFileReference; lastKnownFileType = sourcecode.swift; path = AlertManager.swift; sourceTree = "<group>"; };
		FF795CEF2CFBF92F008E2C5B /* SelectPhotoView.swift */ = {isa = PBXFileReference; lastKnownFileType = sourcecode.swift; path = SelectPhotoView.swift; sourceTree = "<group>"; };
		FF795CF12CFC0A94008E2C5B /* LocationAccessVC.swift */ = {isa = PBXFileReference; lastKnownFileType = sourcecode.swift; path = LocationAccessVC.swift; sourceTree = "<group>"; };
		FF795CF32CFC117E008E2C5B /* TabController.swift */ = {isa = PBXFileReference; lastKnownFileType = sourcecode.swift; path = TabController.swift; sourceTree = "<group>"; };
		FF795CF62CFC1A6D008E2C5B /* ProfileInfoView.swift */ = {isa = PBXFileReference; lastKnownFileType = sourcecode.swift; path = ProfileInfoView.swift; sourceTree = "<group>"; };
		FF795CF82CFC1FAA008E2C5B /* CompleteCardView.swift */ = {isa = PBXFileReference; lastKnownFileType = sourcecode.swift; path = CompleteCardView.swift; sourceTree = "<group>"; };
		FF795CFA2CFC2A61008E2C5B /* SimpleIconTextView.swift */ = {isa = PBXFileReference; lastKnownFileType = sourcecode.swift; path = SimpleIconTextView.swift; sourceTree = "<group>"; };
		FFA8576F2CFB8F9D00ED5C9D /* StatsView.swift */ = {isa = PBXFileReference; lastKnownFileType = sourcecode.swift; path = StatsView.swift; sourceTree = "<group>"; };
		FFA857712CFB903E00ED5C9D /* TextIconBtnView.swift */ = {isa = PBXFileReference; lastKnownFileType = sourcecode.swift; path = TextIconBtnView.swift; sourceTree = "<group>"; };
		FFA857732CFB9F3500ED5C9D /* PickerView.swift */ = {isa = PBXFileReference; lastKnownFileType = sourcecode.swift; path = PickerView.swift; sourceTree = "<group>"; };
		FFA857762CFBA71B00ED5C9D /* InternshipFieldView.swift */ = {isa = PBXFileReference; lastKnownFileType = sourcecode.swift; path = InternshipFieldView.swift; sourceTree = "<group>"; };
		FFBF3B9C2CFAC65C008FD882 /* SetupAccountVC.swift */ = {isa = PBXFileReference; lastKnownFileType = sourcecode.swift; path = SetupAccountVC.swift; sourceTree = "<group>"; };
		FFBF3BA02CFACC9C008FD882 /* Utils.swift */ = {isa = PBXFileReference; lastKnownFileType = sourcecode.swift; path = Utils.swift; sourceTree = "<group>"; };
		FFBF3BA22CFAD2D7008FD882 /* WebViewerController.swift */ = {isa = PBXFileReference; lastKnownFileType = sourcecode.swift; path = WebViewerController.swift; sourceTree = "<group>"; };
		FFD04E862CFEBC4200E199A1 /* AccountSetupData.swift */ = {isa = PBXFileReference; fileEncoding = 4; lastKnownFileType = sourcecode.swift; path = AccountSetupData.swift; sourceTree = "<group>"; };
		FFD04E872CFEBC4200E199A1 /* Degree.swift */ = {isa = PBXFileReference; fileEncoding = 4; lastKnownFileType = sourcecode.swift; path = Degree.swift; sourceTree = "<group>"; };
		FFD04E882CFEBC4200E199A1 /* IconTextOption.swift */ = {isa = PBXFileReference; fileEncoding = 4; lastKnownFileType = sourcecode.swift; path = IconTextOption.swift; sourceTree = "<group>"; };
		FFD04E892CFEBC4200E199A1 /* Universities.swift */ = {isa = PBXFileReference; fileEncoding = 4; lastKnownFileType = sourcecode.swift; path = Universities.swift; sourceTree = "<group>"; };
		FFD04E8A2CFEBC4200E199A1 /* UserCardData.swift */ = {isa = PBXFileReference; fileEncoding = 4; lastKnownFileType = sourcecode.swift; path = UserCardData.swift; sourceTree = "<group>"; };
		FFD04E8B2CFEBC4200E199A1 /* Year.swift */ = {isa = PBXFileReference; fileEncoding = 4; lastKnownFileType = sourcecode.swift; path = Year.swift; sourceTree = "<group>"; };
		FFD04E932CFEBCB800E199A1 /* InternshipData.swift */ = {isa = PBXFileReference; fileEncoding = 4; lastKnownFileType = sourcecode.swift; path = InternshipData.swift; sourceTree = "<group>"; };
		FFD04E942CFEBCB800E199A1 /* OptionsData.swift */ = {isa = PBXFileReference; fileEncoding = 4; lastKnownFileType = sourcecode.swift; path = OptionsData.swift; sourceTree = "<group>"; };
		FFD04E952CFEBCB800E199A1 /* TestingData.swift */ = {isa = PBXFileReference; fileEncoding = 4; lastKnownFileType = sourcecode.swift; path = TestingData.swift; sourceTree = "<group>"; };
		FFF8DE062CFA5A5100E5D2A7 /* LockedIn.app */ = {isa = PBXFileReference; explicitFileType = wrapper.application; includeInIndex = 0; path = LockedIn.app; sourceTree = BUILT_PRODUCTS_DIR; };
		FFF8DE092CFA5A5100E5D2A7 /* AppDelegate.swift */ = {isa = PBXFileReference; lastKnownFileType = sourcecode.swift; path = AppDelegate.swift; sourceTree = "<group>"; };
		FFF8DE0B2CFA5A5100E5D2A7 /* SceneDelegate.swift */ = {isa = PBXFileReference; lastKnownFileType = sourcecode.swift; path = SceneDelegate.swift; sourceTree = "<group>"; };
		FFF8DE0D2CFA5A5100E5D2A7 /* SwipeScreenVC.swift */ = {isa = PBXFileReference; lastKnownFileType = sourcecode.swift; path = SwipeScreenVC.swift; sourceTree = "<group>"; };
		FFF8DE122CFA5A5200E5D2A7 /* Assets.xcassets */ = {isa = PBXFileReference; lastKnownFileType = folder.assetcatalog; path = Assets.xcassets; sourceTree = "<group>"; };
		FFF8DE152CFA5A5200E5D2A7 /* Base */ = {isa = PBXFileReference; lastKnownFileType = file.storyboard; name = Base; path = Base.lproj/LaunchScreen.storyboard; sourceTree = "<group>"; };
		FFF8DE172CFA5A5200E5D2A7 /* Info.plist */ = {isa = PBXFileReference; lastKnownFileType = text.plist.xml; path = Info.plist; sourceTree = "<group>"; };
		FFF8DE212CFA5D6800E5D2A7 /* SignInVC.swift */ = {isa = PBXFileReference; lastKnownFileType = sourcecode.swift; path = SignInVC.swift; sourceTree = "<group>"; };
		FFF8DE262CFA5EDB00E5D2A7 /* MultiChoiceView.swift */ = {isa = PBXFileReference; lastKnownFileType = sourcecode.swift; path = MultiChoiceView.swift; sourceTree = "<group>"; };
		FFF8DE342CFA61F400E5D2A7 /* Extensions.swift */ = {isa = PBXFileReference; lastKnownFileType = sourcecode.swift; path = Extensions.swift; sourceTree = "<group>"; };
		FFF8DE362CFA667700E5D2A7 /* IconTextView.swift */ = {isa = PBXFileReference; lastKnownFileType = sourcecode.swift; path = IconTextView.swift; sourceTree = "<group>"; };
		FFF8DE3B2CFA85F700E5D2A7 /* Garet-Bold.ttf */ = {isa = PBXFileReference; lastKnownFileType = file; path = "Garet-Bold.ttf"; sourceTree = "<group>"; };
		FFF8DE3C2CFA85F700E5D2A7 /* Garet-Heavy.ttf */ = {isa = PBXFileReference; lastKnownFileType = file; path = "Garet-Heavy.ttf"; sourceTree = "<group>"; };
		FFF8DE3D2CFA85F700E5D2A7 /* Garet-Book.ttf */ = {isa = PBXFileReference; lastKnownFileType = file; path = "Garet-Book.ttf"; sourceTree = "<group>"; };
		FFF8DE452CFA886900E5D2A7 /* GaretW05-Regular.ttf */ = {isa = PBXFileReference; lastKnownFileType = file; path = "GaretW05-Regular.ttf"; sourceTree = "<group>"; };
/* End PBXFileReference section */

/* Begin PBXFrameworksBuildPhase section */
		FFF8DE032CFA5A5100E5D2A7 /* Frameworks */ = {
			isa = PBXFrameworksBuildPhase;
			buildActionMask = 2147483647;
			files = (
			);
			runOnlyForDeploymentPostprocessing = 0;
		};
/* End PBXFrameworksBuildPhase section */

/* Begin PBXGroup section */
		FF795CF52CFC19DA008E2C5B /* SwipeScreen */ = {
			isa = PBXGroup;
			children = (
				FF795CFA2CFC2A61008E2C5B /* SimpleIconTextView.swift */,
				FF795CF82CFC1FAA008E2C5B /* CompleteCardView.swift */,
				FF795CF62CFC1A6D008E2C5B /* ProfileInfoView.swift */,
				FF654E6F2CFD18D9000E111E /* InternshipInfoView.swift */,
				FF654E712CFD18F9000E111E /* ProjectInfoView.swift */,
				FF654E732CFD2A16000E111E /* InteractiveButton.swift */,
			);
			path = SwipeScreen;
			sourceTree = "<group>";
		};
		FFA857752CFBA68200ED5C9D /* StatsScreen */ = {
			isa = PBXGroup;
			children = (
				FFA8576F2CFB8F9D00ED5C9D /* StatsView.swift */,
				FFA857732CFB9F3500ED5C9D /* PickerView.swift */,
				FFA857712CFB903E00ED5C9D /* TextIconBtnView.swift */,
				FFA857762CFBA71B00ED5C9D /* InternshipFieldView.swift */,
				FF795CE72CFBC47F008E2C5B /* ProjectFieldView.swift */,
			);
			path = StatsScreen;
			sourceTree = "<group>";
		};
		FFBF3B9E2CFACC73008FD882 /* Other */ = {
			isa = PBXGroup;
			children = (
				FFF8DE342CFA61F400E5D2A7 /* Extensions.swift */,
				FFBF3BA02CFACC9C008FD882 /* Utils.swift */,
				FF795CED2CFBF55A008E2C5B /* AlertManager.swift */,
			);
			path = Other;
			sourceTree = "<group>";
		};
		FFBF3B9F2CFACC80008FD882 /* Suppporting */ = {
			isa = PBXGroup;
			children = (
				FFF8DE122CFA5A5200E5D2A7 /* Assets.xcassets */,
				FFF8DE142CFA5A5200E5D2A7 /* LaunchScreen.storyboard */,
				FFF8DE092CFA5A5100E5D2A7 /* AppDelegate.swift */,
				FFF8DE0B2CFA5A5100E5D2A7 /* SceneDelegate.swift */,
			);
			path = Suppporting;
			sourceTree = "<group>";
		};
		FFD04E8C2CFEBC4200E199A1 /* Models */ = {
			isa = PBXGroup;
			children = (
				FFD04E862CFEBC4200E199A1 /* AccountSetupData.swift */,
				FFD04E872CFEBC4200E199A1 /* Degree.swift */,
				FFD04E882CFEBC4200E199A1 /* IconTextOption.swift */,
				FFD04E892CFEBC4200E199A1 /* Universities.swift */,
				FFD04E8A2CFEBC4200E199A1 /* UserCardData.swift */,
				FFD04E8B2CFEBC4200E199A1 /* Year.swift */,
			);
			path = Models;
			sourceTree = "<group>";
		};
		FFD04E962CFEBCB800E199A1 /* Data */ = {
			isa = PBXGroup;
			children = (
				FFD04E932CFEBCB800E199A1 /* InternshipData.swift */,
				FFD04E942CFEBCB800E199A1 /* OptionsData.swift */,
				FFD04E952CFEBCB800E199A1 /* TestingData.swift */,
			);
			path = Data;
			sourceTree = "<group>";
		};
		FFF8DDFD2CFA5A5100E5D2A7 = {
			isa = PBXGroup;
			children = (
				FFF8DE082CFA5A5100E5D2A7 /* LockedIn */,
				FFF8DE072CFA5A5100E5D2A7 /* Products */,
			);
			sourceTree = "<group>";
		};
		FFF8DE072CFA5A5100E5D2A7 /* Products */ = {
			isa = PBXGroup;
			children = (
				FFF8DE062CFA5A5100E5D2A7 /* LockedIn.app */,
			);
			name = Products;
			sourceTree = "<group>";
		};
		FFF8DE082CFA5A5100E5D2A7 /* LockedIn */ = {
			isa = PBXGroup;
			children = (
				FFD04E962CFEBCB800E199A1 /* Data */,
				FFD04E8C2CFEBC4200E199A1 /* Models */,
				FFF8DE1E2CFA5A9800E5D2A7 /* Views */,
				FFF8DE1D2CFA5A8D00E5D2A7 /* Controllers */,
				FFBF3B9E2CFACC73008FD882 /* Other */,
				FFBF3B9F2CFACC80008FD882 /* Suppporting */,
				FFF8DE3A2CFA85E800E5D2A7 /* Fonts */,
				FFF8DE172CFA5A5200E5D2A7 /* Info.plist */,
			);
			path = LockedIn;
			sourceTree = "<group>";
		};
		FFF8DE1D2CFA5A8D00E5D2A7 /* Controllers */ = {
			isa = PBXGroup;
			children = (
				FFF8DE202CFA5D2100E5D2A7 /* AccountSetup */,
				FFF8DE0D2CFA5A5100E5D2A7 /* SwipeScreenVC.swift */,
				FF795CF12CFC0A94008E2C5B /* LocationAccessVC.swift */,
				FF795CF32CFC117E008E2C5B /* TabController.swift */,
			);
			path = Controllers;
			sourceTree = "<group>";
		};
		FFF8DE1E2CFA5A9800E5D2A7 /* Views */ = {
			isa = PBXGroup;
			children = (
				FF795CE92CFBCD28008E2C5B /* TextField.swift */,
				FFF8DE252CFA5EA800E5D2A7 /* AccountSetup */,
				FF795CF52CFC19DA008E2C5B /* SwipeScreen */,
			);
			path = Views;
			sourceTree = "<group>";
		};
		FFF8DE202CFA5D2100E5D2A7 /* AccountSetup */ = {
			isa = PBXGroup;
			children = (
				FFF8DE212CFA5D6800E5D2A7 /* SignInVC.swift */,
				FFBF3B9C2CFAC65C008FD882 /* SetupAccountVC.swift */,
				FFBF3BA22CFAD2D7008FD882 /* WebViewerController.swift */,
			);
			path = AccountSetup;
			sourceTree = "<group>";
		};
		FFF8DE252CFA5EA800E5D2A7 /* AccountSetup */ = {
			isa = PBXGroup;
			children = (
				FFA857752CFBA68200ED5C9D /* StatsScreen */,
				FFF8DE262CFA5EDB00E5D2A7 /* MultiChoiceView.swift */,
				FFF8DE362CFA667700E5D2A7 /* IconTextView.swift */,
				FF795CEF2CFBF92F008E2C5B /* SelectPhotoView.swift */,
			);
			path = AccountSetup;
			sourceTree = "<group>";
		};
		FFF8DE3A2CFA85E800E5D2A7 /* Fonts */ = {
			isa = PBXGroup;
			children = (
				FFF8DE3B2CFA85F700E5D2A7 /* Garet-Bold.ttf */,
				FFF8DE3D2CFA85F700E5D2A7 /* Garet-Book.ttf */,
				FFF8DE3C2CFA85F700E5D2A7 /* Garet-Heavy.ttf */,
				FFF8DE452CFA886900E5D2A7 /* GaretW05-Regular.ttf */,
			);
			path = Fonts;
			sourceTree = "<group>";
		};
/* End PBXGroup section */

/* Begin PBXNativeTarget section */
		FFF8DE052CFA5A5100E5D2A7 /* LockedIn */ = {
			isa = PBXNativeTarget;
			buildConfigurationList = FFF8DE1A2CFA5A5200E5D2A7 /* Build configuration list for PBXNativeTarget "LockedIn" */;
			buildPhases = (
				FFF8DE022CFA5A5100E5D2A7 /* Sources */,
				FFF8DE032CFA5A5100E5D2A7 /* Frameworks */,
				FFF8DE042CFA5A5100E5D2A7 /* Resources */,
			);
			buildRules = (
			);
			dependencies = (
			);
			name = LockedIn;
			productName = LockedIn;
			productReference = FFF8DE062CFA5A5100E5D2A7 /* LockedIn.app */;
			productType = "com.apple.product-type.application";
		};
/* End PBXNativeTarget section */

/* Begin PBXProject section */
		FFF8DDFE2CFA5A5100E5D2A7 /* Project object */ = {
			isa = PBXProject;
			attributes = {
				BuildIndependentTargetsInParallel = 1;
				LastSwiftUpdateCheck = 1540;
				LastUpgradeCheck = 1540;
				TargetAttributes = {
					FFF8DE052CFA5A5100E5D2A7 = {
						CreatedOnToolsVersion = 15.4;
					};
				};
			};
			buildConfigurationList = FFF8DE012CFA5A5100E5D2A7 /* Build configuration list for PBXProject "LockedIn" */;
			compatibilityVersion = "Xcode 14.0";
			developmentRegion = en;
			hasScannedForEncodings = 0;
			knownRegions = (
				en,
				Base,
			);
			mainGroup = FFF8DDFD2CFA5A5100E5D2A7;
			productRefGroup = FFF8DE072CFA5A5100E5D2A7 /* Products */;
			projectDirPath = "";
			projectRoot = "";
			targets = (
				FFF8DE052CFA5A5100E5D2A7 /* LockedIn */,
			);
		};
/* End PBXProject section */

/* Begin PBXResourcesBuildPhase section */
		FFF8DE042CFA5A5100E5D2A7 /* Resources */ = {
			isa = PBXResourcesBuildPhase;
			buildActionMask = 2147483647;
			files = (
				FFF8DE132CFA5A5200E5D2A7 /* Assets.xcassets in Resources */,
				FFF8DE162CFA5A5200E5D2A7 /* Base in Resources */,
				FFF8DE462CFA886900E5D2A7 /* GaretW05-Regular.ttf in Resources */,
				FFF8DE3E2CFA860B00E5D2A7 /* Garet-Heavy.ttf in Resources */,
				FFF8DE3F2CFA860B00E5D2A7 /* Garet-Bold.ttf in Resources */,
				FFF8DE402CFA860B00E5D2A7 /* Garet-Book.ttf in Resources */,
			);
			runOnlyForDeploymentPostprocessing = 0;
		};
/* End PBXResourcesBuildPhase section */

/* Begin PBXSourcesBuildPhase section */
		FFF8DE022CFA5A5100E5D2A7 /* Sources */ = {
			isa = PBXSourcesBuildPhase;
			buildActionMask = 2147483647;
			files = (
				FFD04E8D2CFEBC4200E199A1 /* AccountSetupData.swift in Sources */,
				FFD04E992CFEBCB800E199A1 /* TestingData.swift in Sources */,
				FFD04E8E2CFEBC4200E199A1 /* Degree.swift in Sources */,
				FF795CF92CFC1FAA008E2C5B /* CompleteCardView.swift in Sources */,
				FF795CF42CFC117E008E2C5B /* TabController.swift in Sources */,
				FFD04E982CFEBCB800E199A1 /* OptionsData.swift in Sources */,
				FFF8DE372CFA667700E5D2A7 /* IconTextView.swift in Sources */,
				FFF8DE0E2CFA5A5100E5D2A7 /* SwipeScreenVC.swift in Sources */,
				FF795CF72CFC1A6D008E2C5B /* ProfileInfoView.swift in Sources */,
				FF795CFB2CFC2A61008E2C5B /* SimpleIconTextView.swift in Sources */,
				FFA857722CFB903E00ED5C9D /* TextIconBtnView.swift in Sources */,
				FFF8DE0A2CFA5A5100E5D2A7 /* AppDelegate.swift in Sources */,
				FFD04E912CFEBC4200E199A1 /* UserCardData.swift in Sources */,
				FF795CEE2CFBF55A008E2C5B /* AlertManager.swift in Sources */,
				FFBF3BA32CFAD2D7008FD882 /* WebViewerController.swift in Sources */,
				FFD04E8F2CFEBC4200E199A1 /* IconTextOption.swift in Sources */,
				FF654E722CFD18F9000E111E /* ProjectInfoView.swift in Sources */,
				FFF8DE222CFA5D6800E5D2A7 /* SignInVC.swift in Sources */,
				FF795CE82CFBC47F008E2C5B /* ProjectFieldView.swift in Sources */,
				FF795CF02CFBF92F008E2C5B /* SelectPhotoView.swift in Sources */,
				FFA857772CFBA71B00ED5C9D /* InternshipFieldView.swift in Sources */,
				FF795CEA2CFBCD28008E2C5B /* TextField.swift in Sources */,
				FF795CF22CFC0A94008E2C5B /* LocationAccessVC.swift in Sources */,
				FF654E742CFD2A16000E111E /* InteractiveButton.swift in Sources */,
				FFF8DE0C2CFA5A5100E5D2A7 /* SceneDelegate.swift in Sources */,
				FFD04E902CFEBC4200E199A1 /* Universities.swift in Sources */,
				FFBF3BA12CFACC9C008FD882 /* Utils.swift in Sources */,
				FFA857702CFB8F9D00ED5C9D /* StatsView.swift in Sources */,
				FFF8DE272CFA5EDB00E5D2A7 /* MultiChoiceView.swift in Sources */,
				FFA857742CFB9F3500ED5C9D /* PickerView.swift in Sources */,
				FFBF3B9D2CFAC65C008FD882 /* SetupAccountVC.swift in Sources */,
				FFD04E922CFEBC4200E199A1 /* Year.swift in Sources */,
				FFD04E972CFEBCB800E199A1 /* InternshipData.swift in Sources */,
				FF654E702CFD18D9000E111E /* InternshipInfoView.swift in Sources */,
				FFF8DE352CFA61F400E5D2A7 /* Extensions.swift in Sources */,
			);
			runOnlyForDeploymentPostprocessing = 0;
		};
/* End PBXSourcesBuildPhase section */

/* Begin PBXVariantGroup section */
		FFF8DE142CFA5A5200E5D2A7 /* LaunchScreen.storyboard */ = {
			isa = PBXVariantGroup;
			children = (
				FFF8DE152CFA5A5200E5D2A7 /* Base */,
			);
			name = LaunchScreen.storyboard;
			sourceTree = "<group>";
		};
/* End PBXVariantGroup section */

/* Begin XCBuildConfiguration section */
		FFF8DE182CFA5A5200E5D2A7 /* Debug */ = {
			isa = XCBuildConfiguration;
			buildSettings = {
				ALWAYS_SEARCH_USER_PATHS = NO;
				ASSETCATALOG_COMPILER_GENERATE_SWIFT_ASSET_SYMBOL_EXTENSIONS = YES;
				CLANG_ANALYZER_NONNULL = YES;
				CLANG_ANALYZER_NUMBER_OBJECT_CONVERSION = YES_AGGRESSIVE;
				CLANG_CXX_LANGUAGE_STANDARD = "gnu++20";
				CLANG_ENABLE_MODULES = YES;
				CLANG_ENABLE_OBJC_ARC = YES;
				CLANG_ENABLE_OBJC_WEAK = YES;
				CLANG_WARN_BLOCK_CAPTURE_AUTORELEASING = YES;
				CLANG_WARN_BOOL_CONVERSION = YES;
				CLANG_WARN_COMMA = YES;
				CLANG_WARN_CONSTANT_CONVERSION = YES;
				CLANG_WARN_DEPRECATED_OBJC_IMPLEMENTATIONS = YES;
				CLANG_WARN_DIRECT_OBJC_ISA_USAGE = YES_ERROR;
				CLANG_WARN_DOCUMENTATION_COMMENTS = YES;
				CLANG_WARN_EMPTY_BODY = YES;
				CLANG_WARN_ENUM_CONVERSION = YES;
				CLANG_WARN_INFINITE_RECURSION = YES;
				CLANG_WARN_INT_CONVERSION = YES;
				CLANG_WARN_NON_LITERAL_NULL_CONVERSION = YES;
				CLANG_WARN_OBJC_IMPLICIT_RETAIN_SELF = YES;
				CLANG_WARN_OBJC_LITERAL_CONVERSION = YES;
				CLANG_WARN_OBJC_ROOT_CLASS = YES_ERROR;
				CLANG_WARN_QUOTED_INCLUDE_IN_FRAMEWORK_HEADER = YES;
				CLANG_WARN_RANGE_LOOP_ANALYSIS = YES;
				CLANG_WARN_STRICT_PROTOTYPES = YES;
				CLANG_WARN_SUSPICIOUS_MOVE = YES;
				CLANG_WARN_UNGUARDED_AVAILABILITY = YES_AGGRESSIVE;
				CLANG_WARN_UNREACHABLE_CODE = YES;
				CLANG_WARN__DUPLICATE_METHOD_MATCH = YES;
				COPY_PHASE_STRIP = NO;
				DEBUG_INFORMATION_FORMAT = dwarf;
				ENABLE_STRICT_OBJC_MSGSEND = YES;
				ENABLE_TESTABILITY = YES;
				ENABLE_USER_SCRIPT_SANDBOXING = YES;
				GCC_C_LANGUAGE_STANDARD = gnu17;
				GCC_DYNAMIC_NO_PIC = NO;
				GCC_NO_COMMON_BLOCKS = YES;
				GCC_OPTIMIZATION_LEVEL = 0;
				GCC_PREPROCESSOR_DEFINITIONS = (
					"DEBUG=1",
					"$(inherited)",
				);
				GCC_WARN_64_TO_32_BIT_CONVERSION = YES;
				GCC_WARN_ABOUT_RETURN_TYPE = YES_ERROR;
				GCC_WARN_UNDECLARED_SELECTOR = YES;
				GCC_WARN_UNINITIALIZED_AUTOS = YES_AGGRESSIVE;
				GCC_WARN_UNUSED_FUNCTION = YES;
				GCC_WARN_UNUSED_VARIABLE = YES;
				IPHONEOS_DEPLOYMENT_TARGET = 17.5;
				LOCALIZATION_PREFERS_STRING_CATALOGS = YES;
				MTL_ENABLE_DEBUG_INFO = INCLUDE_SOURCE;
				MTL_FAST_MATH = YES;
				ONLY_ACTIVE_ARCH = YES;
				SDKROOT = iphoneos;
				SWIFT_ACTIVE_COMPILATION_CONDITIONS = "DEBUG $(inherited)";
				SWIFT_OPTIMIZATION_LEVEL = "-Onone";
			};
			name = Debug;
		};
		FFF8DE192CFA5A5200E5D2A7 /* Release */ = {
			isa = XCBuildConfiguration;
			buildSettings = {
				ALWAYS_SEARCH_USER_PATHS = NO;
				ASSETCATALOG_COMPILER_GENERATE_SWIFT_ASSET_SYMBOL_EXTENSIONS = YES;
				CLANG_ANALYZER_NONNULL = YES;
				CLANG_ANALYZER_NUMBER_OBJECT_CONVERSION = YES_AGGRESSIVE;
				CLANG_CXX_LANGUAGE_STANDARD = "gnu++20";
				CLANG_ENABLE_MODULES = YES;
				CLANG_ENABLE_OBJC_ARC = YES;
				CLANG_ENABLE_OBJC_WEAK = YES;
				CLANG_WARN_BLOCK_CAPTURE_AUTORELEASING = YES;
				CLANG_WARN_BOOL_CONVERSION = YES;
				CLANG_WARN_COMMA = YES;
				CLANG_WARN_CONSTANT_CONVERSION = YES;
				CLANG_WARN_DEPRECATED_OBJC_IMPLEMENTATIONS = YES;
				CLANG_WARN_DIRECT_OBJC_ISA_USAGE = YES_ERROR;
				CLANG_WARN_DOCUMENTATION_COMMENTS = YES;
				CLANG_WARN_EMPTY_BODY = YES;
				CLANG_WARN_ENUM_CONVERSION = YES;
				CLANG_WARN_INFINITE_RECURSION = YES;
				CLANG_WARN_INT_CONVERSION = YES;
				CLANG_WARN_NON_LITERAL_NULL_CONVERSION = YES;
				CLANG_WARN_OBJC_IMPLICIT_RETAIN_SELF = YES;
				CLANG_WARN_OBJC_LITERAL_CONVERSION = YES;
				CLANG_WARN_OBJC_ROOT_CLASS = YES_ERROR;
				CLANG_WARN_QUOTED_INCLUDE_IN_FRAMEWORK_HEADER = YES;
				CLANG_WARN_RANGE_LOOP_ANALYSIS = YES;
				CLANG_WARN_STRICT_PROTOTYPES = YES;
				CLANG_WARN_SUSPICIOUS_MOVE = YES;
				CLANG_WARN_UNGUARDED_AVAILABILITY = YES_AGGRESSIVE;
				CLANG_WARN_UNREACHABLE_CODE = YES;
				CLANG_WARN__DUPLICATE_METHOD_MATCH = YES;
				COPY_PHASE_STRIP = NO;
				DEBUG_INFORMATION_FORMAT = "dwarf-with-dsym";
				ENABLE_NS_ASSERTIONS = NO;
				ENABLE_STRICT_OBJC_MSGSEND = YES;
				ENABLE_USER_SCRIPT_SANDBOXING = YES;
				GCC_C_LANGUAGE_STANDARD = gnu17;
				GCC_NO_COMMON_BLOCKS = YES;
				GCC_WARN_64_TO_32_BIT_CONVERSION = YES;
				GCC_WARN_ABOUT_RETURN_TYPE = YES_ERROR;
				GCC_WARN_UNDECLARED_SELECTOR = YES;
				GCC_WARN_UNINITIALIZED_AUTOS = YES_AGGRESSIVE;
				GCC_WARN_UNUSED_FUNCTION = YES;
				GCC_WARN_UNUSED_VARIABLE = YES;
				IPHONEOS_DEPLOYMENT_TARGET = 17.5;
				LOCALIZATION_PREFERS_STRING_CATALOGS = YES;
				MTL_ENABLE_DEBUG_INFO = NO;
				MTL_FAST_MATH = YES;
				SDKROOT = iphoneos;
				SWIFT_COMPILATION_MODE = wholemodule;
				VALIDATE_PRODUCT = YES;
			};
			name = Release;
		};
		FFF8DE1B2CFA5A5200E5D2A7 /* Debug */ = {
			isa = XCBuildConfiguration;
			buildSettings = {
				ASSETCATALOG_COMPILER_APPICON_NAME = AppIcon;
				ASSETCATALOG_COMPILER_GLOBAL_ACCENT_COLOR_NAME = AccentColor;
				CODE_SIGN_STYLE = Automatic;
				CURRENT_PROJECT_VERSION = 1;
				DEVELOPMENT_TEAM = C7N9TB3C7K;
				GENERATE_INFOPLIST_FILE = YES;
				INFOPLIST_FILE = LockedIn/Info.plist;
				INFOPLIST_KEY_UIApplicationSupportsIndirectInputEvents = YES;
				INFOPLIST_KEY_UILaunchStoryboardName = LaunchScreen;
				INFOPLIST_KEY_UISupportedInterfaceOrientations_iPad = "UIInterfaceOrientationPortrait UIInterfaceOrientationPortraitUpsideDown UIInterfaceOrientationLandscapeLeft UIInterfaceOrientationLandscapeRight";
				INFOPLIST_KEY_UISupportedInterfaceOrientations_iPhone = "UIInterfaceOrientationPortrait UIInterfaceOrientationLandscapeLeft UIInterfaceOrientationLandscapeRight";
				LD_RUNPATH_SEARCH_PATHS = (
					"$(inherited)",
					"@executable_path/Frameworks",
				);
				MARKETING_VERSION = 1.0;
				PRODUCT_BUNDLE_IDENTIFIER = com.gabrielcastilloh.LockedIn;
				PRODUCT_NAME = "$(TARGET_NAME)";
				SWIFT_EMIT_LOC_STRINGS = YES;
				SWIFT_VERSION = 5.0;
				TARGETED_DEVICE_FAMILY = "1,2";
			};
			name = Debug;
		};
		FFF8DE1C2CFA5A5200E5D2A7 /* Release */ = {
			isa = XCBuildConfiguration;
			buildSettings = {
				ASSETCATALOG_COMPILER_APPICON_NAME = AppIcon;
				ASSETCATALOG_COMPILER_GLOBAL_ACCENT_COLOR_NAME = AccentColor;
				CODE_SIGN_STYLE = Automatic;
				CURRENT_PROJECT_VERSION = 1;
				DEVELOPMENT_TEAM = C7N9TB3C7K;
				GENERATE_INFOPLIST_FILE = YES;
				INFOPLIST_FILE = LockedIn/Info.plist;
				INFOPLIST_KEY_UIApplicationSupportsIndirectInputEvents = YES;
				INFOPLIST_KEY_UILaunchStoryboardName = LaunchScreen;
				INFOPLIST_KEY_UISupportedInterfaceOrientations_iPad = "UIInterfaceOrientationPortrait UIInterfaceOrientationPortraitUpsideDown UIInterfaceOrientationLandscapeLeft UIInterfaceOrientationLandscapeRight";
				INFOPLIST_KEY_UISupportedInterfaceOrientations_iPhone = "UIInterfaceOrientationPortrait UIInterfaceOrientationLandscapeLeft UIInterfaceOrientationLandscapeRight";
				LD_RUNPATH_SEARCH_PATHS = (
					"$(inherited)",
					"@executable_path/Frameworks",
				);
				MARKETING_VERSION = 1.0;
				PRODUCT_BUNDLE_IDENTIFIER = com.gabrielcastilloh.LockedIn;
				PRODUCT_NAME = "$(TARGET_NAME)";
				SWIFT_EMIT_LOC_STRINGS = YES;
				SWIFT_VERSION = 5.0;
				TARGETED_DEVICE_FAMILY = "1,2";
			};
			name = Release;
		};
/* End XCBuildConfiguration section */

/* Begin XCConfigurationList section */
		FFF8DE012CFA5A5100E5D2A7 /* Build configuration list for PBXProject "LockedIn" */ = {
			isa = XCConfigurationList;
			buildConfigurations = (
				FFF8DE182CFA5A5200E5D2A7 /* Debug */,
				FFF8DE192CFA5A5200E5D2A7 /* Release */,
			);
			defaultConfigurationIsVisible = 0;
			defaultConfigurationName = Release;
		};
		FFF8DE1A2CFA5A5200E5D2A7 /* Build configuration list for PBXNativeTarget "LockedIn" */ = {
			isa = XCConfigurationList;
			buildConfigurations = (
				FFF8DE1B2CFA5A5200E5D2A7 /* Debug */,
				FFF8DE1C2CFA5A5200E5D2A7 /* Release */,
			);
			defaultConfigurationIsVisible = 0;
			defaultConfigurationName = Release;
		};
/* End XCConfigurationList section */
	};
	rootObject = FFF8DDFE2CFA5A5100E5D2A7 /* Project object */;
}
